// !$*UTF8*$!
{
	archiveVersion = 1;
	classes = {
	};
	objectVersion = 51;
	objects = {

/* Begin PBXBuildFile section */
		2FAFF3D90134443F74689479 /* Pods_S_A_M_S_A_MUITests.framework in Frameworks */ = {isa = PBXBuildFile; fileRef = 99C4714F094F86BF87895F8F /* Pods_S_A_M_S_A_MUITests.framework */; };
		BB4A0ECE26D6ACA9000AFE66 /* S_A_MTests.swift in Sources */ = {isa = PBXBuildFile; fileRef = BB4A0ECD26D6ACA9000AFE66 /* S_A_MTests.swift */; };
		BB4A0ED926D6ACA9000AFE66 /* S_A_MUITests.swift in Sources */ = {isa = PBXBuildFile; fileRef = BB4A0ED826D6ACA9000AFE66 /* S_A_MUITests.swift */; };
		BB5B76F126D6C9C700544926 /* SceneDelegate.swift in Sources */ = {isa = PBXBuildFile; fileRef = BB5B76F026D6C9C700544926 /* SceneDelegate.swift */; };
		BB5B76F726D6C9E000544926 /* Structs.swift in Sources */ = {isa = PBXBuildFile; fileRef = BB5B76F526D6C9E000544926 /* Structs.swift */; };
		BB5B76F826D6C9E000544926 /* DatabaseManager.swift in Sources */ = {isa = PBXBuildFile; fileRef = BB5B76F626D6C9E000544926 /* DatabaseManager.swift */; };
		BB5B770326D6C9F200544926 /* LoginViewController.xib in Resources */ = {isa = PBXBuildFile; fileRef = BB5B76FF26D6C9F200544926 /* LoginViewController.xib */; };
		BB5B770426D6C9F200544926 /* UserInfoViewController.swift in Sources */ = {isa = PBXBuildFile; fileRef = BB5B770026D6C9F200544926 /* UserInfoViewController.swift */; };
		BB5B770526D6C9F200544926 /* UserInfoViewController.xib in Resources */ = {isa = PBXBuildFile; fileRef = BB5B770126D6C9F200544926 /* UserInfoViewController.xib */; };
		BB5B770626D6C9F200544926 /* LoginViewController.swift in Sources */ = {isa = PBXBuildFile; fileRef = BB5B770226D6C9F200544926 /* LoginViewController.swift */; };
		BB5B771326D6CA0300544926 /* ItemModels.swift in Sources */ = {isa = PBXBuildFile; fileRef = BB5B770D26D6CA0300544926 /* ItemModels.swift */; };
		BB5B771426D6CA0300544926 /* MechanicsModels.swift in Sources */ = {isa = PBXBuildFile; fileRef = BB5B770E26D6CA0300544926 /* MechanicsModels.swift */; };
		BB5B771526D6CA0300544926 /* MissionModel.swift in Sources */ = {isa = PBXBuildFile; fileRef = BB5B770F26D6CA0300544926 /* MissionModel.swift */; };
		BB5B771626D6CA0300544926 /* User.swift in Sources */ = {isa = PBXBuildFile; fileRef = BB5B771026D6CA0300544926 /* User.swift */; };
		BB5B771726D6CA0300544926 /* HeroModel.swift in Sources */ = {isa = PBXBuildFile; fileRef = BB5B771126D6CA0300544926 /* HeroModel.swift */; };
		BB5B771826D6CA0300544926 /* DiceModel.swift in Sources */ = {isa = PBXBuildFile; fileRef = BB5B771226D6CA0300544926 /* DiceModel.swift */; };
		BB5B771D26D6CA1700544926 /* StringExtensions.swift in Sources */ = {isa = PBXBuildFile; fileRef = BB5B771C26D6CA1700544926 /* StringExtensions.swift */; };
		BB804EEA26D6C80E0088F96B /* AppDelegate.swift in Sources */ = {isa = PBXBuildFile; fileRef = BB804EE926D6C80E0088F96B /* AppDelegate.swift */; };
		BB804EEF26D6C8190088F96B /* Assets.xcassets in Resources */ = {isa = PBXBuildFile; fileRef = BB804EEE26D6C8190088F96B /* Assets.xcassets */; };
		BB804EFD26D6C8650088F96B /* GoogleService-Info.plist in Resources */ = {isa = PBXBuildFile; fileRef = BB804EFC26D6C8650088F96B /* GoogleService-Info.plist */; };
		BB804F0826D6C87C0088F96B /* LauncherViewController.swift in Sources */ = {isa = PBXBuildFile; fileRef = BB804F0626D6C87C0088F96B /* LauncherViewController.swift */; };
		BB804F0926D6C87C0088F96B /* InitialViewController.swift in Sources */ = {isa = PBXBuildFile; fileRef = BB804F0726D6C87C0088F96B /* InitialViewController.swift */; };
		BB804F4126D6C91A0088F96B /* SWMissionLogViewController.swift in Sources */ = {isa = PBXBuildFile; fileRef = BB804F3726D6C9190088F96B /* SWMissionLogViewController.swift */; };
		BB804F4226D6C91A0088F96B /* SWProfileViewController.xib in Resources */ = {isa = PBXBuildFile; fileRef = BB804F3826D6C9190088F96B /* SWProfileViewController.xib */; };
		BB804F4326D6C91A0088F96B /* MainMenuViewController.swift in Sources */ = {isa = PBXBuildFile; fileRef = BB804F3926D6C9190088F96B /* MainMenuViewController.swift */; };
		BB804F4426D6C91A0088F96B /* SWHeroViewController.swift in Sources */ = {isa = PBXBuildFile; fileRef = BB804F3A26D6C9190088F96B /* SWHeroViewController.swift */; };
		BB804F4526D6C91A0088F96B /* SWHeroViewController.xib in Resources */ = {isa = PBXBuildFile; fileRef = BB804F3B26D6C9190088F96B /* SWHeroViewController.xib */; };
		BB804F4626D6C91A0088F96B /* SWProfileViewController.swift in Sources */ = {isa = PBXBuildFile; fileRef = BB804F3C26D6C9190088F96B /* SWProfileViewController.swift */; };
		BB804F4726D6C91A0088F96B /* MainMenuViewController.xib in Resources */ = {isa = PBXBuildFile; fileRef = BB804F3D26D6C9190088F96B /* MainMenuViewController.xib */; };
		BB804F4826D6C91A0088F96B /* SWRulesViewController.swift in Sources */ = {isa = PBXBuildFile; fileRef = BB804F3E26D6C9190088F96B /* SWRulesViewController.swift */; };
		BB804F4926D6C91A0088F96B /* SWRulesViewController.xib in Resources */ = {isa = PBXBuildFile; fileRef = BB804F3F26D6C9190088F96B /* SWRulesViewController.xib */; };
		BB804F4A26D6C91A0088F96B /* SWMissionLogViewController.xib in Resources */ = {isa = PBXBuildFile; fileRef = BB804F4026D6C9190088F96B /* SWMissionLogViewController.xib */; };
		BB804F5326D6C92F0088F96B /* SWMissionLogTableViewCell.xib in Resources */ = {isa = PBXBuildFile; fileRef = BB804F4F26D6C92F0088F96B /* SWMissionLogTableViewCell.xib */; };
		BB804F5426D6C92F0088F96B /* SWMissionLogTableViewCell.swift in Sources */ = {isa = PBXBuildFile; fileRef = BB804F5026D6C92F0088F96B /* SWMissionLogTableViewCell.swift */; };
		BB804F5526D6C92F0088F96B /* SWCreateCollectionViewCell.swift in Sources */ = {isa = PBXBuildFile; fileRef = BB804F5126D6C92F0088F96B /* SWCreateCollectionViewCell.swift */; };
		BB804F5626D6C92F0088F96B /* SWCreateCollectionViewCell.xib in Resources */ = {isa = PBXBuildFile; fileRef = BB804F5226D6C92F0088F96B /* SWCreateCollectionViewCell.xib */; };
		C34B1C9B42AE3D8B39D1DF52 /* Pods_S_A_M.framework in Frameworks */ = {isa = PBXBuildFile; fileRef = EF01B2414670F5981AF287EB /* Pods_S_A_M.framework */; };
		DA94595FFD7FCBFB7ED86F5E /* Pods_S_A_MTests.framework in Frameworks */ = {isa = PBXBuildFile; fileRef = 3FCE82594E4D198E1CBC690C /* Pods_S_A_MTests.framework */; };
/* End PBXBuildFile section */

/* Begin PBXContainerItemProxy section */
		BB4A0ECA26D6ACA9000AFE66 /* PBXContainerItemProxy */ = {
			isa = PBXContainerItemProxy;
			containerPortal = BB4A0EAB26D6ACA7000AFE66 /* Project object */;
			proxyType = 1;
			remoteGlobalIDString = BB4A0EB226D6ACA7000AFE66;
			remoteInfo = S.A.M;
		};
		BB4A0ED526D6ACA9000AFE66 /* PBXContainerItemProxy */ = {
			isa = PBXContainerItemProxy;
			containerPortal = BB4A0EAB26D6ACA7000AFE66 /* Project object */;
			proxyType = 1;
			remoteGlobalIDString = BB4A0EB226D6ACA7000AFE66;
			remoteInfo = S.A.M;
		};
/* End PBXContainerItemProxy section */

/* Begin PBXFileReference section */
		19EAEE774871FFB6CFF2A2B5 /* Pods-S.A.M.release.xcconfig */ = {isa = PBXFileReference; includeInIndex = 1; lastKnownFileType = text.xcconfig; name = "Pods-S.A.M.release.xcconfig"; path = "Target Support Files/Pods-S.A.M/Pods-S.A.M.release.xcconfig"; sourceTree = "<group>"; };
		3FCE82594E4D198E1CBC690C /* Pods_S_A_MTests.framework */ = {isa = PBXFileReference; explicitFileType = wrapper.framework; includeInIndex = 0; path = Pods_S_A_MTests.framework; sourceTree = BUILT_PRODUCTS_DIR; };
		7474273D4402D0F73D92187A /* Pods-S.A.M-S.A.MUITests.debug.xcconfig */ = {isa = PBXFileReference; includeInIndex = 1; lastKnownFileType = text.xcconfig; name = "Pods-S.A.M-S.A.MUITests.debug.xcconfig"; path = "Target Support Files/Pods-S.A.M-S.A.MUITests/Pods-S.A.M-S.A.MUITests.debug.xcconfig"; sourceTree = "<group>"; };
		809BD3ED664CF8113E501F13 /* Pods-S.A.MTests.debug.xcconfig */ = {isa = PBXFileReference; includeInIndex = 1; lastKnownFileType = text.xcconfig; name = "Pods-S.A.MTests.debug.xcconfig"; path = "Target Support Files/Pods-S.A.MTests/Pods-S.A.MTests.debug.xcconfig"; sourceTree = "<group>"; };
		8CFB97AFF6850909924C480D /* Pods-S.A.M-S.A.MUITests.release.xcconfig */ = {isa = PBXFileReference; includeInIndex = 1; lastKnownFileType = text.xcconfig; name = "Pods-S.A.M-S.A.MUITests.release.xcconfig"; path = "Target Support Files/Pods-S.A.M-S.A.MUITests/Pods-S.A.M-S.A.MUITests.release.xcconfig"; sourceTree = "<group>"; };
		99C4714F094F86BF87895F8F /* Pods_S_A_M_S_A_MUITests.framework */ = {isa = PBXFileReference; explicitFileType = wrapper.framework; includeInIndex = 0; path = Pods_S_A_M_S_A_MUITests.framework; sourceTree = BUILT_PRODUCTS_DIR; };
		BB4A0EB326D6ACA7000AFE66 /* S.A.M.app */ = {isa = PBXFileReference; explicitFileType = wrapper.application; includeInIndex = 0; path = S.A.M.app; sourceTree = BUILT_PRODUCTS_DIR; };
		BB4A0EC926D6ACA9000AFE66 /* S.A.MTests.xctest */ = {isa = PBXFileReference; explicitFileType = wrapper.cfbundle; includeInIndex = 0; path = S.A.MTests.xctest; sourceTree = BUILT_PRODUCTS_DIR; };
		BB4A0ECD26D6ACA9000AFE66 /* S_A_MTests.swift */ = {isa = PBXFileReference; lastKnownFileType = sourcecode.swift; path = S_A_MTests.swift; sourceTree = "<group>"; };
		BB4A0ECF26D6ACA9000AFE66 /* Info.plist */ = {isa = PBXFileReference; lastKnownFileType = text.plist.xml; path = Info.plist; sourceTree = "<group>"; };
		BB4A0ED426D6ACA9000AFE66 /* S.A.MUITests.xctest */ = {isa = PBXFileReference; explicitFileType = wrapper.cfbundle; includeInIndex = 0; path = S.A.MUITests.xctest; sourceTree = BUILT_PRODUCTS_DIR; };
		BB4A0ED826D6ACA9000AFE66 /* S_A_MUITests.swift */ = {isa = PBXFileReference; lastKnownFileType = sourcecode.swift; path = S_A_MUITests.swift; sourceTree = "<group>"; };
		BB4A0EDA26D6ACA9000AFE66 /* Info.plist */ = {isa = PBXFileReference; lastKnownFileType = text.plist.xml; path = Info.plist; sourceTree = "<group>"; };
		BB5B76F026D6C9C700544926 /* SceneDelegate.swift */ = {isa = PBXFileReference; fileEncoding = 4; lastKnownFileType = sourcecode.swift; path = SceneDelegate.swift; sourceTree = "<group>"; };
		BB5B76F526D6C9E000544926 /* Structs.swift */ = {isa = PBXFileReference; fileEncoding = 4; lastKnownFileType = sourcecode.swift; path = Structs.swift; sourceTree = "<group>"; };
		BB5B76F626D6C9E000544926 /* DatabaseManager.swift */ = {isa = PBXFileReference; fileEncoding = 4; lastKnownFileType = sourcecode.swift; path = DatabaseManager.swift; sourceTree = "<group>"; };
		BB5B76FF26D6C9F200544926 /* LoginViewController.xib */ = {isa = PBXFileReference; fileEncoding = 4; lastKnownFileType = file.xib; path = LoginViewController.xib; sourceTree = "<group>"; };
		BB5B770026D6C9F200544926 /* UserInfoViewController.swift */ = {isa = PBXFileReference; fileEncoding = 4; lastKnownFileType = sourcecode.swift; path = UserInfoViewController.swift; sourceTree = "<group>"; };
		BB5B770126D6C9F200544926 /* UserInfoViewController.xib */ = {isa = PBXFileReference; fileEncoding = 4; lastKnownFileType = file.xib; path = UserInfoViewController.xib; sourceTree = "<group>"; };
		BB5B770226D6C9F200544926 /* LoginViewController.swift */ = {isa = PBXFileReference; fileEncoding = 4; lastKnownFileType = sourcecode.swift; path = LoginViewController.swift; sourceTree = "<group>"; };
		BB5B770D26D6CA0300544926 /* ItemModels.swift */ = {isa = PBXFileReference; fileEncoding = 4; lastKnownFileType = sourcecode.swift; path = ItemModels.swift; sourceTree = "<group>"; };
		BB5B770E26D6CA0300544926 /* MechanicsModels.swift */ = {isa = PBXFileReference; fileEncoding = 4; lastKnownFileType = sourcecode.swift; path = MechanicsModels.swift; sourceTree = "<group>"; };
		BB5B770F26D6CA0300544926 /* MissionModel.swift */ = {isa = PBXFileReference; fileEncoding = 4; lastKnownFileType = sourcecode.swift; path = MissionModel.swift; sourceTree = "<group>"; };
		BB5B771026D6CA0300544926 /* User.swift */ = {isa = PBXFileReference; fileEncoding = 4; lastKnownFileType = sourcecode.swift; path = User.swift; sourceTree = "<group>"; };
		BB5B771126D6CA0300544926 /* HeroModel.swift */ = {isa = PBXFileReference; fileEncoding = 4; lastKnownFileType = sourcecode.swift; path = HeroModel.swift; sourceTree = "<group>"; };
		BB5B771226D6CA0300544926 /* DiceModel.swift */ = {isa = PBXFileReference; fileEncoding = 4; lastKnownFileType = sourcecode.swift; path = DiceModel.swift; sourceTree = "<group>"; };
		BB5B771C26D6CA1700544926 /* StringExtensions.swift */ = {isa = PBXFileReference; fileEncoding = 4; lastKnownFileType = sourcecode.swift; path = StringExtensions.swift; sourceTree = "<group>"; };
		BB5B772426D6CA2900544926 /* Oxanium-VariableFont_wght.ttf */ = {isa = PBXFileReference; lastKnownFileType = file; path = "Oxanium-VariableFont_wght.ttf"; sourceTree = "<group>"; };
		BB5B772526D6CA2A00544926 /* BrunoAce-Regular.ttf */ = {isa = PBXFileReference; lastKnownFileType = file; path = "BrunoAce-Regular.ttf"; sourceTree = "<group>"; };
		BB804EE126D6C7FC0088F96B /* Base */ = {isa = PBXFileReference; lastKnownFileType = file.storyboard; name = Base; path = Base.lproj/LaunchScreen.storyboard; sourceTree = SOURCE_ROOT; };
		BB804EE326D6C7FC0088F96B /* Base */ = {isa = PBXFileReference; lastKnownFileType = file.storyboard; name = Base; path = Base.lproj/Main.storyboard; sourceTree = SOURCE_ROOT; };
		BB804EE926D6C80E0088F96B /* AppDelegate.swift */ = {isa = PBXFileReference; fileEncoding = 4; lastKnownFileType = sourcecode.swift; path = AppDelegate.swift; sourceTree = SOURCE_ROOT; };
		BB804EEE26D6C8190088F96B /* Assets.xcassets */ = {isa = PBXFileReference; lastKnownFileType = folder.assetcatalog; path = Assets.xcassets; sourceTree = SOURCE_ROOT; };
		BB804EFC26D6C8650088F96B /* GoogleService-Info.plist */ = {isa = PBXFileReference; lastKnownFileType = text.plist; path = "GoogleService-Info.plist"; sourceTree = SOURCE_ROOT; };
		BB804F0126D6C86C0088F96B /* Info.plist */ = {isa = PBXFileReference; lastKnownFileType = text.plist; path = Info.plist; sourceTree = SOURCE_ROOT; };
		BB804F0626D6C87C0088F96B /* LauncherViewController.swift */ = {isa = PBXFileReference; fileEncoding = 4; lastKnownFileType = sourcecode.swift; path = LauncherViewController.swift; sourceTree = SOURCE_ROOT; };
		BB804F0726D6C87C0088F96B /* InitialViewController.swift */ = {isa = PBXFileReference; fileEncoding = 4; lastKnownFileType = sourcecode.swift; path = InitialViewController.swift; sourceTree = SOURCE_ROOT; };
		BB804F3726D6C9190088F96B /* SWMissionLogViewController.swift */ = {isa = PBXFileReference; fileEncoding = 4; lastKnownFileType = sourcecode.swift; name = SWMissionLogViewController.swift; path = ViewControllers/SWMissionLogViewController.swift; sourceTree = SOURCE_ROOT; };
		BB804F3826D6C9190088F96B /* SWProfileViewController.xib */ = {isa = PBXFileReference; fileEncoding = 4; lastKnownFileType = file.xib; name = SWProfileViewController.xib; path = ViewControllers/SWProfileViewController.xib; sourceTree = SOURCE_ROOT; };
		BB804F3926D6C9190088F96B /* MainMenuViewController.swift */ = {isa = PBXFileReference; fileEncoding = 4; lastKnownFileType = sourcecode.swift; name = MainMenuViewController.swift; path = ViewControllers/MainMenuViewController.swift; sourceTree = SOURCE_ROOT; };
		BB804F3A26D6C9190088F96B /* SWHeroViewController.swift */ = {isa = PBXFileReference; fileEncoding = 4; lastKnownFileType = sourcecode.swift; name = SWHeroViewController.swift; path = ViewControllers/SWHeroViewController.swift; sourceTree = SOURCE_ROOT; };
		BB804F3B26D6C9190088F96B /* SWHeroViewController.xib */ = {isa = PBXFileReference; fileEncoding = 4; lastKnownFileType = file.xib; name = SWHeroViewController.xib; path = ViewControllers/SWHeroViewController.xib; sourceTree = SOURCE_ROOT; };
		BB804F3C26D6C9190088F96B /* SWProfileViewController.swift */ = {isa = PBXFileReference; fileEncoding = 4; lastKnownFileType = sourcecode.swift; name = SWProfileViewController.swift; path = ViewControllers/SWProfileViewController.swift; sourceTree = SOURCE_ROOT; };
		BB804F3D26D6C9190088F96B /* MainMenuViewController.xib */ = {isa = PBXFileReference; fileEncoding = 4; lastKnownFileType = file.xib; name = MainMenuViewController.xib; path = ViewControllers/MainMenuViewController.xib; sourceTree = SOURCE_ROOT; };
		BB804F3E26D6C9190088F96B /* SWRulesViewController.swift */ = {isa = PBXFileReference; fileEncoding = 4; lastKnownFileType = sourcecode.swift; name = SWRulesViewController.swift; path = ViewControllers/SWRulesViewController.swift; sourceTree = SOURCE_ROOT; };
		BB804F3F26D6C9190088F96B /* SWRulesViewController.xib */ = {isa = PBXFileReference; fileEncoding = 4; lastKnownFileType = file.xib; name = SWRulesViewController.xib; path = ViewControllers/SWRulesViewController.xib; sourceTree = SOURCE_ROOT; };
		BB804F4026D6C9190088F96B /* SWMissionLogViewController.xib */ = {isa = PBXFileReference; fileEncoding = 4; lastKnownFileType = file.xib; name = SWMissionLogViewController.xib; path = ViewControllers/SWMissionLogViewController.xib; sourceTree = SOURCE_ROOT; };
		BB804F4F26D6C92F0088F96B /* SWMissionLogTableViewCell.xib */ = {isa = PBXFileReference; fileEncoding = 4; lastKnownFileType = file.xib; name = SWMissionLogTableViewCell.xib; path = ViewControllers/Cells/SWMissionLogTableViewCell.xib; sourceTree = SOURCE_ROOT; };
		BB804F5026D6C92F0088F96B /* SWMissionLogTableViewCell.swift */ = {isa = PBXFileReference; fileEncoding = 4; lastKnownFileType = sourcecode.swift; name = SWMissionLogTableViewCell.swift; path = ViewControllers/Cells/SWMissionLogTableViewCell.swift; sourceTree = SOURCE_ROOT; };
		BB804F5126D6C92F0088F96B /* SWCreateCollectionViewCell.swift */ = {isa = PBXFileReference; fileEncoding = 4; lastKnownFileType = sourcecode.swift; name = SWCreateCollectionViewCell.swift; path = ViewControllers/Cells/SWCreateCollectionViewCell.swift; sourceTree = SOURCE_ROOT; };
		BB804F5226D6C92F0088F96B /* SWCreateCollectionViewCell.xib */ = {isa = PBXFileReference; fileEncoding = 4; lastKnownFileType = file.xib; name = SWCreateCollectionViewCell.xib; path = ViewControllers/Cells/SWCreateCollectionViewCell.xib; sourceTree = SOURCE_ROOT; };
		CC514229325D8164A8E4B3BC /* Pods-S.A.M.debug.xcconfig */ = {isa = PBXFileReference; includeInIndex = 1; lastKnownFileType = text.xcconfig; name = "Pods-S.A.M.debug.xcconfig"; path = "Target Support Files/Pods-S.A.M/Pods-S.A.M.debug.xcconfig"; sourceTree = "<group>"; };
		EF01B2414670F5981AF287EB /* Pods_S_A_M.framework */ = {isa = PBXFileReference; explicitFileType = wrapper.framework; includeInIndex = 0; path = Pods_S_A_M.framework; sourceTree = BUILT_PRODUCTS_DIR; };
		F39EF102E3CA9A78AFD01504 /* Pods-S.A.MTests.release.xcconfig */ = {isa = PBXFileReference; includeInIndex = 1; lastKnownFileType = text.xcconfig; name = "Pods-S.A.MTests.release.xcconfig"; path = "Target Support Files/Pods-S.A.MTests/Pods-S.A.MTests.release.xcconfig"; sourceTree = "<group>"; };
/* End PBXFileReference section */

/* Begin PBXFrameworksBuildPhase section */
		BB4A0EB026D6ACA7000AFE66 /* Frameworks */ = {
			isa = PBXFrameworksBuildPhase;
			buildActionMask = 2147483647;
			files = (
				C34B1C9B42AE3D8B39D1DF52 /* Pods_S_A_M.framework in Frameworks */,
			);
			runOnlyForDeploymentPostprocessing = 0;
		};
		BB4A0EC626D6ACA9000AFE66 /* Frameworks */ = {
			isa = PBXFrameworksBuildPhase;
			buildActionMask = 2147483647;
			files = (
				DA94595FFD7FCBFB7ED86F5E /* Pods_S_A_MTests.framework in Frameworks */,
			);
			runOnlyForDeploymentPostprocessing = 0;
		};
		BB4A0ED126D6ACA9000AFE66 /* Frameworks */ = {
			isa = PBXFrameworksBuildPhase;
			buildActionMask = 2147483647;
			files = (
				2FAFF3D90134443F74689479 /* Pods_S_A_M_S_A_MUITests.framework in Frameworks */,
			);
			runOnlyForDeploymentPostprocessing = 0;
		};
/* End PBXFrameworksBuildPhase section */

/* Begin PBXGroup section */
		9C40F991E20F5F22249E9472 /* Pods */ = {
			isa = PBXGroup;
			children = (
				CC514229325D8164A8E4B3BC /* Pods-S.A.M.debug.xcconfig */,
				19EAEE774871FFB6CFF2A2B5 /* Pods-S.A.M.release.xcconfig */,
				7474273D4402D0F73D92187A /* Pods-S.A.M-S.A.MUITests.debug.xcconfig */,
				8CFB97AFF6850909924C480D /* Pods-S.A.M-S.A.MUITests.release.xcconfig */,
				809BD3ED664CF8113E501F13 /* Pods-S.A.MTests.debug.xcconfig */,
				F39EF102E3CA9A78AFD01504 /* Pods-S.A.MTests.release.xcconfig */,
			);
			path = Pods;
			sourceTree = "<group>";
		};
		BB4A0EAA26D6ACA7000AFE66 = {
			isa = PBXGroup;
			children = (
				BB4A0EB526D6ACA7000AFE66 /* S.A.M */,
				BB804EF926D6C8430088F96B /* Fonts */,
				BB4A0ECC26D6ACA9000AFE66 /* S.A.MTests */,
				BB4A0ED726D6ACA9000AFE66 /* S.A.MUITests */,
				BB4A0EB426D6ACA7000AFE66 /* Products */,
				9C40F991E20F5F22249E9472 /* Pods */,
				ED79A6283628F6D602C17F02 /* Frameworks */,
			);
			sourceTree = "<group>";
		};
		BB4A0EB426D6ACA7000AFE66 /* Products */ = {
			isa = PBXGroup;
			children = (
				BB4A0EB326D6ACA7000AFE66 /* S.A.M.app */,
				BB4A0EC926D6ACA9000AFE66 /* S.A.MTests.xctest */,
				BB4A0ED426D6ACA9000AFE66 /* S.A.MUITests.xctest */,
			);
			name = Products;
			sourceTree = "<group>";
		};
		BB4A0EB526D6ACA7000AFE66 /* S.A.M */ = {
			isa = PBXGroup;
			children = (
				BB804F3626D6C9070088F96B /* ViewControllers */,
				BB804F2126D6C8B30088F96B /* Models */,
				BB804F1926D6C8A20088F96B /* Managers */,
				BB804F0D26D6C8820088F96B /* Login_Auth */,
				BB804EF326D6C8260088F96B /* Extensions */,
				BB804EE926D6C80E0088F96B /* AppDelegate.swift */,
				BB5B76F026D6C9C700544926 /* SceneDelegate.swift */,
				BB804F0726D6C87C0088F96B /* InitialViewController.swift */,
				BB804F0626D6C87C0088F96B /* LauncherViewController.swift */,
				BB804EEE26D6C8190088F96B /* Assets.xcassets */,
				BB804F0126D6C86C0088F96B /* Info.plist */,
				BB804EFC26D6C8650088F96B /* GoogleService-Info.plist */,
				BB804EE026D6C7FC0088F96B /* LaunchScreen.storyboard */,
				BB804EE226D6C7FC0088F96B /* Main.storyboard */,
			);
			path = S.A.M;
			sourceTree = "<group>";
		};
		BB4A0ECC26D6ACA9000AFE66 /* S.A.MTests */ = {
			isa = PBXGroup;
			children = (
				BB4A0ECD26D6ACA9000AFE66 /* S_A_MTests.swift */,
				BB4A0ECF26D6ACA9000AFE66 /* Info.plist */,
			);
			path = S.A.MTests;
			sourceTree = "<group>";
		};
		BB4A0ED726D6ACA9000AFE66 /* S.A.MUITests */ = {
			isa = PBXGroup;
			children = (
				BB4A0ED826D6ACA9000AFE66 /* S_A_MUITests.swift */,
				BB4A0EDA26D6ACA9000AFE66 /* Info.plist */,
			);
			path = S.A.MUITests;
			sourceTree = "<group>";
		};
		BB804EF326D6C8260088F96B /* Extensions */ = {
			isa = PBXGroup;
			children = (
				BB5B771C26D6CA1700544926 /* StringExtensions.swift */,
			);
			path = Extensions;
			sourceTree = "<group>";
		};
		BB804EF926D6C8430088F96B /* Fonts */ = {
			isa = PBXGroup;
			children = (
				BB5B772526D6CA2A00544926 /* BrunoAce-Regular.ttf */,
				BB5B772426D6CA2900544926 /* Oxanium-VariableFont_wght.ttf */,
			);
			name = Fonts;
			path = S.A.M/Fonts;
			sourceTree = "<group>";
		};
		BB804F0D26D6C8820088F96B /* Login_Auth */ = {
			isa = PBXGroup;
			children = (
				BB5B770226D6C9F200544926 /* LoginViewController.swift */,
				BB5B76FF26D6C9F200544926 /* LoginViewController.xib */,
				BB5B770026D6C9F200544926 /* UserInfoViewController.swift */,
				BB5B770126D6C9F200544926 /* UserInfoViewController.xib */,
			);
			path = Login_Auth;
			sourceTree = "<group>";
		};
		BB804F1926D6C8A20088F96B /* Managers */ = {
			isa = PBXGroup;
			children = (
				BB5B76F626D6C9E000544926 /* DatabaseManager.swift */,
				BB5B76F526D6C9E000544926 /* Structs.swift */,
			);
			path = Managers;
			sourceTree = "<group>";
		};
		BB804F2126D6C8B30088F96B /* Models */ = {
			isa = PBXGroup;
			children = (
				BB5B771226D6CA0300544926 /* DiceModel.swift */,
				BB5B771126D6CA0300544926 /* HeroModel.swift */,
				BB5B770D26D6CA0300544926 /* ItemModels.swift */,
				BB5B770E26D6CA0300544926 /* MechanicsModels.swift */,
				BB5B770F26D6CA0300544926 /* MissionModel.swift */,
				BB5B771026D6CA0300544926 /* User.swift */,
			);
			path = Models;
			sourceTree = "<group>";
		};
		BB804F3626D6C9070088F96B /* ViewControllers */ = {
			isa = PBXGroup;
			children = (
				BB804F4E26D6C9240088F96B /* cells */,
				BB804F3926D6C9190088F96B /* MainMenuViewController.swift */,
				BB804F3D26D6C9190088F96B /* MainMenuViewController.xib */,
				BB804F3A26D6C9190088F96B /* SWHeroViewController.swift */,
				BB804F3B26D6C9190088F96B /* SWHeroViewController.xib */,
				BB804F3726D6C9190088F96B /* SWMissionLogViewController.swift */,
				BB804F4026D6C9190088F96B /* SWMissionLogViewController.xib */,
				BB804F3C26D6C9190088F96B /* SWProfileViewController.swift */,
				BB804F3826D6C9190088F96B /* SWProfileViewController.xib */,
				BB804F3E26D6C9190088F96B /* SWRulesViewController.swift */,
				BB804F3F26D6C9190088F96B /* SWRulesViewController.xib */,
			);
			path = ViewControllers;
			sourceTree = "<group>";
		};
		BB804F4E26D6C9240088F96B /* cells */ = {
			isa = PBXGroup;
			children = (
				BB804F5126D6C92F0088F96B /* SWCreateCollectionViewCell.swift */,
				BB804F5226D6C92F0088F96B /* SWCreateCollectionViewCell.xib */,
				BB804F5026D6C92F0088F96B /* SWMissionLogTableViewCell.swift */,
				BB804F4F26D6C92F0088F96B /* SWMissionLogTableViewCell.xib */,
			);
			path = cells;
			sourceTree = "<group>";
		};
		ED79A6283628F6D602C17F02 /* Frameworks */ = {
			isa = PBXGroup;
			children = (
				EF01B2414670F5981AF287EB /* Pods_S_A_M.framework */,
				99C4714F094F86BF87895F8F /* Pods_S_A_M_S_A_MUITests.framework */,
				3FCE82594E4D198E1CBC690C /* Pods_S_A_MTests.framework */,
			);
			name = Frameworks;
			sourceTree = "<group>";
		};
/* End PBXGroup section */

/* Begin PBXNativeTarget section */
		BB4A0EB226D6ACA7000AFE66 /* S.A.M */ = {
			isa = PBXNativeTarget;
			buildConfigurationList = BB4A0EDD26D6ACA9000AFE66 /* Build configuration list for PBXNativeTarget "S.A.M" */;
			buildPhases = (
				84323592957822D3880C47ED /* [CP] Check Pods Manifest.lock */,
				BB4A0EAF26D6ACA7000AFE66 /* Sources */,
				BB4A0EB026D6ACA7000AFE66 /* Frameworks */,
				BB4A0EB126D6ACA7000AFE66 /* Resources */,
				A00BDA2AE5519B9D240AFADF /* [CP] Embed Pods Frameworks */,
			);
			buildRules = (
			);
			dependencies = (
			);
			name = S.A.M;
			productName = S.A.M;
			productReference = BB4A0EB326D6ACA7000AFE66 /* S.A.M.app */;
			productType = "com.apple.product-type.application";
		};
		BB4A0EC826D6ACA9000AFE66 /* S.A.MTests */ = {
			isa = PBXNativeTarget;
			buildConfigurationList = BB4A0EE026D6ACA9000AFE66 /* Build configuration list for PBXNativeTarget "S.A.MTests" */;
			buildPhases = (
				28DEA1F95B2EB4943FB1C31A /* [CP] Check Pods Manifest.lock */,
				BB4A0EC526D6ACA9000AFE66 /* Sources */,
				BB4A0EC626D6ACA9000AFE66 /* Frameworks */,
				BB4A0EC726D6ACA9000AFE66 /* Resources */,
			);
			buildRules = (
			);
			dependencies = (
				BB4A0ECB26D6ACA9000AFE66 /* PBXTargetDependency */,
			);
			name = S.A.MTests;
			productName = S.A.MTests;
			productReference = BB4A0EC926D6ACA9000AFE66 /* S.A.MTests.xctest */;
			productType = "com.apple.product-type.bundle.unit-test";
		};
		BB4A0ED326D6ACA9000AFE66 /* S.A.MUITests */ = {
			isa = PBXNativeTarget;
			buildConfigurationList = BB4A0EE326D6ACA9000AFE66 /* Build configuration list for PBXNativeTarget "S.A.MUITests" */;
			buildPhases = (
				F0E50D623BCE4ACB25EF8FAB /* [CP] Check Pods Manifest.lock */,
				BB4A0ED026D6ACA9000AFE66 /* Sources */,
				BB4A0ED126D6ACA9000AFE66 /* Frameworks */,
				BB4A0ED226D6ACA9000AFE66 /* Resources */,
				E2C99D09FEC368450764A5C0 /* [CP] Embed Pods Frameworks */,
			);
			buildRules = (
			);
			dependencies = (
				BB4A0ED626D6ACA9000AFE66 /* PBXTargetDependency */,
			);
			name = S.A.MUITests;
			productName = S.A.MUITests;
			productReference = BB4A0ED426D6ACA9000AFE66 /* S.A.MUITests.xctest */;
			productType = "com.apple.product-type.bundle.ui-testing";
		};
/* End PBXNativeTarget section */

/* Begin PBXProject section */
		BB4A0EAB26D6ACA7000AFE66 /* Project object */ = {
			isa = PBXProject;
			attributes = {
				LastSwiftUpdateCheck = 1240;
				LastUpgradeCheck = 1240;
				TargetAttributes = {
					BB4A0EB226D6ACA7000AFE66 = {
						CreatedOnToolsVersion = 12.4;
					};
					BB4A0EC826D6ACA9000AFE66 = {
						CreatedOnToolsVersion = 12.4;
						TestTargetID = BB4A0EB226D6ACA7000AFE66;
					};
					BB4A0ED326D6ACA9000AFE66 = {
						CreatedOnToolsVersion = 12.4;
						TestTargetID = BB4A0EB226D6ACA7000AFE66;
					};
				};
			};
			buildConfigurationList = BB4A0EAE26D6ACA7000AFE66 /* Build configuration list for PBXProject "S.A.M" */;
			compatibilityVersion = "Xcode 9.3";
			developmentRegion = en;
			hasScannedForEncodings = 0;
			knownRegions = (
				en,
				Base,
			);
			mainGroup = BB4A0EAA26D6ACA7000AFE66;
			productRefGroup = BB4A0EB426D6ACA7000AFE66 /* Products */;
			projectDirPath = "";
			projectRoot = "";
			targets = (
				BB4A0EB226D6ACA7000AFE66 /* S.A.M */,
				BB4A0EC826D6ACA9000AFE66 /* S.A.MTests */,
				BB4A0ED326D6ACA9000AFE66 /* S.A.MUITests */,
			);
		};
/* End PBXProject section */

/* Begin PBXResourcesBuildPhase section */
		BB4A0EB126D6ACA7000AFE66 /* Resources */ = {
			isa = PBXResourcesBuildPhase;
			buildActionMask = 2147483647;
			files = (
				BB804F4A26D6C91A0088F96B /* SWMissionLogViewController.xib in Resources */,
				BB5B770526D6C9F200544926 /* UserInfoViewController.xib in Resources */,
				BB804F4926D6C91A0088F96B /* SWRulesViewController.xib in Resources */,
				BB804F5626D6C92F0088F96B /* SWCreateCollectionViewCell.xib in Resources */,
				BB804F4726D6C91A0088F96B /* MainMenuViewController.xib in Resources */,
				BB5B770326D6C9F200544926 /* LoginViewController.xib in Resources */,
				BB804F5326D6C92F0088F96B /* SWMissionLogTableViewCell.xib in Resources */,
				BB804F4526D6C91A0088F96B /* SWHeroViewController.xib in Resources */,
				BB804EEF26D6C8190088F96B /* Assets.xcassets in Resources */,
				BB804F4226D6C91A0088F96B /* SWProfileViewController.xib in Resources */,
				BB804EFD26D6C8650088F96B /* GoogleService-Info.plist in Resources */,
			);
			runOnlyForDeploymentPostprocessing = 0;
		};
		BB4A0EC726D6ACA9000AFE66 /* Resources */ = {
			isa = PBXResourcesBuildPhase;
			buildActionMask = 2147483647;
			files = (
			);
			runOnlyForDeploymentPostprocessing = 0;
		};
		BB4A0ED226D6ACA9000AFE66 /* Resources */ = {
			isa = PBXResourcesBuildPhase;
			buildActionMask = 2147483647;
			files = (
			);
			runOnlyForDeploymentPostprocessing = 0;
		};
/* End PBXResourcesBuildPhase section */

/* Begin PBXShellScriptBuildPhase section */
		28DEA1F95B2EB4943FB1C31A /* [CP] Check Pods Manifest.lock */ = {
			isa = PBXShellScriptBuildPhase;
			buildActionMask = 2147483647;
			files = (
			);
			inputFileListPaths = (
			);
			inputPaths = (
				"${PODS_PODFILE_DIR_PATH}/Podfile.lock",
				"${PODS_ROOT}/Manifest.lock",
			);
			name = "[CP] Check Pods Manifest.lock";
			outputFileListPaths = (
			);
			outputPaths = (
				"$(DERIVED_FILE_DIR)/Pods-S.A.MTests-checkManifestLockResult.txt",
			);
			runOnlyForDeploymentPostprocessing = 0;
			shellPath = /bin/sh;
			shellScript = "diff \"${PODS_PODFILE_DIR_PATH}/Podfile.lock\" \"${PODS_ROOT}/Manifest.lock\" > /dev/null\nif [ $? != 0 ] ; then\n    # print error to STDERR\n    echo \"error: The sandbox is not in sync with the Podfile.lock. Run 'pod install' or update your CocoaPods installation.\" >&2\n    exit 1\nfi\n# This output is used by Xcode 'outputs' to avoid re-running this script phase.\necho \"SUCCESS\" > \"${SCRIPT_OUTPUT_FILE_0}\"\n";
			showEnvVarsInLog = 0;
		};
		84323592957822D3880C47ED /* [CP] Check Pods Manifest.lock */ = {
			isa = PBXShellScriptBuildPhase;
			buildActionMask = 2147483647;
			files = (
			);
			inputFileListPaths = (
			);
			inputPaths = (
				"${PODS_PODFILE_DIR_PATH}/Podfile.lock",
				"${PODS_ROOT}/Manifest.lock",
			);
			name = "[CP] Check Pods Manifest.lock";
			outputFileListPaths = (
			);
			outputPaths = (
				"$(DERIVED_FILE_DIR)/Pods-S.A.M-checkManifestLockResult.txt",
			);
			runOnlyForDeploymentPostprocessing = 0;
			shellPath = /bin/sh;
			shellScript = "diff \"${PODS_PODFILE_DIR_PATH}/Podfile.lock\" \"${PODS_ROOT}/Manifest.lock\" > /dev/null\nif [ $? != 0 ] ; then\n    # print error to STDERR\n    echo \"error: The sandbox is not in sync with the Podfile.lock. Run 'pod install' or update your CocoaPods installation.\" >&2\n    exit 1\nfi\n# This output is used by Xcode 'outputs' to avoid re-running this script phase.\necho \"SUCCESS\" > \"${SCRIPT_OUTPUT_FILE_0}\"\n";
			showEnvVarsInLog = 0;
		};
		A00BDA2AE5519B9D240AFADF /* [CP] Embed Pods Frameworks */ = {
			isa = PBXShellScriptBuildPhase;
			buildActionMask = 2147483647;
			files = (
			);
			inputFileListPaths = (
				"${PODS_ROOT}/Target Support Files/Pods-S.A.M/Pods-S.A.M-frameworks-${CONFIGURATION}-input-files.xcfilelist",
			);
			name = "[CP] Embed Pods Frameworks";
			outputFileListPaths = (
				"${PODS_ROOT}/Target Support Files/Pods-S.A.M/Pods-S.A.M-frameworks-${CONFIGURATION}-output-files.xcfilelist",
			);
			runOnlyForDeploymentPostprocessing = 0;
			shellPath = /bin/sh;
			shellScript = "\"${PODS_ROOT}/Target Support Files/Pods-S.A.M/Pods-S.A.M-frameworks.sh\"\n";
			showEnvVarsInLog = 0;
		};
		E2C99D09FEC368450764A5C0 /* [CP] Embed Pods Frameworks */ = {
			isa = PBXShellScriptBuildPhase;
			buildActionMask = 2147483647;
			files = (
			);
			inputFileListPaths = (
				"${PODS_ROOT}/Target Support Files/Pods-S.A.M-S.A.MUITests/Pods-S.A.M-S.A.MUITests-frameworks-${CONFIGURATION}-input-files.xcfilelist",
			);
			name = "[CP] Embed Pods Frameworks";
			outputFileListPaths = (
				"${PODS_ROOT}/Target Support Files/Pods-S.A.M-S.A.MUITests/Pods-S.A.M-S.A.MUITests-frameworks-${CONFIGURATION}-output-files.xcfilelist",
			);
			runOnlyForDeploymentPostprocessing = 0;
			shellPath = /bin/sh;
			shellScript = "\"${PODS_ROOT}/Target Support Files/Pods-S.A.M-S.A.MUITests/Pods-S.A.M-S.A.MUITests-frameworks.sh\"\n";
			showEnvVarsInLog = 0;
		};
		F0E50D623BCE4ACB25EF8FAB /* [CP] Check Pods Manifest.lock */ = {
			isa = PBXShellScriptBuildPhase;
			buildActionMask = 2147483647;
			files = (
			);
			inputFileListPaths = (
			);
			inputPaths = (
				"${PODS_PODFILE_DIR_PATH}/Podfile.lock",
				"${PODS_ROOT}/Manifest.lock",
			);
			name = "[CP] Check Pods Manifest.lock";
			outputFileListPaths = (
			);
			outputPaths = (
				"$(DERIVED_FILE_DIR)/Pods-S.A.M-S.A.MUITests-checkManifestLockResult.txt",
			);
			runOnlyForDeploymentPostprocessing = 0;
			shellPath = /bin/sh;
			shellScript = "diff \"${PODS_PODFILE_DIR_PATH}/Podfile.lock\" \"${PODS_ROOT}/Manifest.lock\" > /dev/null\nif [ $? != 0 ] ; then\n    # print error to STDERR\n    echo \"error: The sandbox is not in sync with the Podfile.lock. Run 'pod install' or update your CocoaPods installation.\" >&2\n    exit 1\nfi\n# This output is used by Xcode 'outputs' to avoid re-running this script phase.\necho \"SUCCESS\" > \"${SCRIPT_OUTPUT_FILE_0}\"\n";
			showEnvVarsInLog = 0;
		};
/* End PBXShellScriptBuildPhase section */

/* Begin PBXSourcesBuildPhase section */
		BB4A0EAF26D6ACA7000AFE66 /* Sources */ = {
			isa = PBXSourcesBuildPhase;
			buildActionMask = 2147483647;
			files = (
				BB5B771626D6CA0300544926 /* User.swift in Sources */,
				BB804F5526D6C92F0088F96B /* SWCreateCollectionViewCell.swift in Sources */,
				BB804F4126D6C91A0088F96B /* SWMissionLogViewController.swift in Sources */,
				BB5B76F726D6C9E000544926 /* Structs.swift in Sources */,
				BB804F4626D6C91A0088F96B /* SWProfileViewController.swift in Sources */,
				BB5B771326D6CA0300544926 /* ItemModels.swift in Sources */,
				BB5B76F126D6C9C700544926 /* SceneDelegate.swift in Sources */,
				BB5B771726D6CA0300544926 /* HeroModel.swift in Sources */,
				BB5B76F826D6C9E000544926 /* DatabaseManager.swift in Sources */,
				BB804F4426D6C91A0088F96B /* SWHeroViewController.swift in Sources */,
				BB5B770426D6C9F200544926 /* UserInfoViewController.swift in Sources */,
				BB5B771D26D6CA1700544926 /* StringExtensions.swift in Sources */,
				BB5B770626D6C9F200544926 /* LoginViewController.swift in Sources */,
				BB804F4826D6C91A0088F96B /* SWRulesViewController.swift in Sources */,
				BB804F0826D6C87C0088F96B /* LauncherViewController.swift in Sources */,
				BB804EEA26D6C80E0088F96B /* AppDelegate.swift in Sources */,
				BB5B771526D6CA0300544926 /* MissionModel.swift in Sources */,
				BB804F4326D6C91A0088F96B /* MainMenuViewController.swift in Sources */,
				BB5B771826D6CA0300544926 /* DiceModel.swift in Sources */,
				BB804F0926D6C87C0088F96B /* InitialViewController.swift in Sources */,
				BB804F5426D6C92F0088F96B /* SWMissionLogTableViewCell.swift in Sources */,
				BB5B771426D6CA0300544926 /* MechanicsModels.swift in Sources */,
			);
			runOnlyForDeploymentPostprocessing = 0;
		};
		BB4A0EC526D6ACA9000AFE66 /* Sources */ = {
			isa = PBXSourcesBuildPhase;
			buildActionMask = 2147483647;
			files = (
				BB4A0ECE26D6ACA9000AFE66 /* S_A_MTests.swift in Sources */,
			);
			runOnlyForDeploymentPostprocessing = 0;
		};
		BB4A0ED026D6ACA9000AFE66 /* Sources */ = {
			isa = PBXSourcesBuildPhase;
			buildActionMask = 2147483647;
			files = (
				BB4A0ED926D6ACA9000AFE66 /* S_A_MUITests.swift in Sources */,
			);
			runOnlyForDeploymentPostprocessing = 0;
		};
/* End PBXSourcesBuildPhase section */

/* Begin PBXTargetDependency section */
		BB4A0ECB26D6ACA9000AFE66 /* PBXTargetDependency */ = {
			isa = PBXTargetDependency;
			target = BB4A0EB226D6ACA7000AFE66 /* S.A.M */;
			targetProxy = BB4A0ECA26D6ACA9000AFE66 /* PBXContainerItemProxy */;
		};
		BB4A0ED626D6ACA9000AFE66 /* PBXTargetDependency */ = {
			isa = PBXTargetDependency;
			target = BB4A0EB226D6ACA7000AFE66 /* S.A.M */;
			targetProxy = BB4A0ED526D6ACA9000AFE66 /* PBXContainerItemProxy */;
		};
/* End PBXTargetDependency section */

/* Begin PBXVariantGroup section */
		BB804EE026D6C7FC0088F96B /* LaunchScreen.storyboard */ = {
			isa = PBXVariantGroup;
			children = (
				BB804EE126D6C7FC0088F96B /* Base */,
			);
			name = LaunchScreen.storyboard;
			sourceTree = "<group>";
		};
		BB804EE226D6C7FC0088F96B /* Main.storyboard */ = {
			isa = PBXVariantGroup;
			children = (
				BB804EE326D6C7FC0088F96B /* Base */,
			);
			name = Main.storyboard;
			sourceTree = "<group>";
		};
/* End PBXVariantGroup section */

/* Begin XCBuildConfiguration section */
		BB4A0EDB26D6ACA9000AFE66 /* Debug */ = {
			isa = XCBuildConfiguration;
			buildSettings = {
				ALWAYS_SEARCH_USER_PATHS = NO;
				CLANG_ANALYZER_NONNULL = YES;
				CLANG_ANALYZER_NUMBER_OBJECT_CONVERSION = YES_AGGRESSIVE;
				CLANG_CXX_LANGUAGE_STANDARD = "gnu++14";
				CLANG_CXX_LIBRARY = "libc++";
				CLANG_ENABLE_MODULES = YES;
				CLANG_ENABLE_OBJC_ARC = YES;
				CLANG_ENABLE_OBJC_WEAK = YES;
				CLANG_WARN_BLOCK_CAPTURE_AUTORELEASING = YES;
				CLANG_WARN_BOOL_CONVERSION = YES;
				CLANG_WARN_COMMA = YES;
				CLANG_WARN_CONSTANT_CONVERSION = YES;
				CLANG_WARN_DEPRECATED_OBJC_IMPLEMENTATIONS = YES;
				CLANG_WARN_DIRECT_OBJC_ISA_USAGE = YES_ERROR;
				CLANG_WARN_DOCUMENTATION_COMMENTS = YES;
				CLANG_WARN_EMPTY_BODY = YES;
				CLANG_WARN_ENUM_CONVERSION = YES;
				CLANG_WARN_INFINITE_RECURSION = YES;
				CLANG_WARN_INT_CONVERSION = YES;
				CLANG_WARN_NON_LITERAL_NULL_CONVERSION = YES;
				CLANG_WARN_OBJC_IMPLICIT_RETAIN_SELF = YES;
				CLANG_WARN_OBJC_LITERAL_CONVERSION = YES;
				CLANG_WARN_OBJC_ROOT_CLASS = YES_ERROR;
				CLANG_WARN_QUOTED_INCLUDE_IN_FRAMEWORK_HEADER = YES;
				CLANG_WARN_RANGE_LOOP_ANALYSIS = YES;
				CLANG_WARN_STRICT_PROTOTYPES = YES;
				CLANG_WARN_SUSPICIOUS_MOVE = YES;
				CLANG_WARN_UNGUARDED_AVAILABILITY = YES_AGGRESSIVE;
				CLANG_WARN_UNREACHABLE_CODE = YES;
				CLANG_WARN__DUPLICATE_METHOD_MATCH = YES;
				COPY_PHASE_STRIP = NO;
				DEBUG_INFORMATION_FORMAT = dwarf;
				ENABLE_STRICT_OBJC_MSGSEND = YES;
				ENABLE_TESTABILITY = YES;
				GCC_C_LANGUAGE_STANDARD = gnu11;
				GCC_DYNAMIC_NO_PIC = NO;
				GCC_NO_COMMON_BLOCKS = YES;
				GCC_OPTIMIZATION_LEVEL = 0;
				GCC_PREPROCESSOR_DEFINITIONS = (
					"DEBUG=1",
					"$(inherited)",
				);
				GCC_WARN_64_TO_32_BIT_CONVERSION = YES;
				GCC_WARN_ABOUT_RETURN_TYPE = YES_ERROR;
				GCC_WARN_UNDECLARED_SELECTOR = YES;
				GCC_WARN_UNINITIALIZED_AUTOS = YES_AGGRESSIVE;
				GCC_WARN_UNUSED_FUNCTION = YES;
				GCC_WARN_UNUSED_VARIABLE = YES;
				IPHONEOS_DEPLOYMENT_TARGET = 14.4;
				MTL_ENABLE_DEBUG_INFO = INCLUDE_SOURCE;
				MTL_FAST_MATH = YES;
				ONLY_ACTIVE_ARCH = YES;
				SDKROOT = iphoneos;
				SWIFT_ACTIVE_COMPILATION_CONDITIONS = DEBUG;
				SWIFT_OPTIMIZATION_LEVEL = "-Onone";
			};
			name = Debug;
		};
		BB4A0EDC26D6ACA9000AFE66 /* Release */ = {
			isa = XCBuildConfiguration;
			buildSettings = {
				ALWAYS_SEARCH_USER_PATHS = NO;
				CLANG_ANALYZER_NONNULL = YES;
				CLANG_ANALYZER_NUMBER_OBJECT_CONVERSION = YES_AGGRESSIVE;
				CLANG_CXX_LANGUAGE_STANDARD = "gnu++14";
				CLANG_CXX_LIBRARY = "libc++";
				CLANG_ENABLE_MODULES = YES;
				CLANG_ENABLE_OBJC_ARC = YES;
				CLANG_ENABLE_OBJC_WEAK = YES;
				CLANG_WARN_BLOCK_CAPTURE_AUTORELEASING = YES;
				CLANG_WARN_BOOL_CONVERSION = YES;
				CLANG_WARN_COMMA = YES;
				CLANG_WARN_CONSTANT_CONVERSION = YES;
				CLANG_WARN_DEPRECATED_OBJC_IMPLEMENTATIONS = YES;
				CLANG_WARN_DIRECT_OBJC_ISA_USAGE = YES_ERROR;
				CLANG_WARN_DOCUMENTATION_COMMENTS = YES;
				CLANG_WARN_EMPTY_BODY = YES;
				CLANG_WARN_ENUM_CONVERSION = YES;
				CLANG_WARN_INFINITE_RECURSION = YES;
				CLANG_WARN_INT_CONVERSION = YES;
				CLANG_WARN_NON_LITERAL_NULL_CONVERSION = YES;
				CLANG_WARN_OBJC_IMPLICIT_RETAIN_SELF = YES;
				CLANG_WARN_OBJC_LITERAL_CONVERSION = YES;
				CLANG_WARN_OBJC_ROOT_CLASS = YES_ERROR;
				CLANG_WARN_QUOTED_INCLUDE_IN_FRAMEWORK_HEADER = YES;
				CLANG_WARN_RANGE_LOOP_ANALYSIS = YES;
				CLANG_WARN_STRICT_PROTOTYPES = YES;
				CLANG_WARN_SUSPICIOUS_MOVE = YES;
				CLANG_WARN_UNGUARDED_AVAILABILITY = YES_AGGRESSIVE;
				CLANG_WARN_UNREACHABLE_CODE = YES;
				CLANG_WARN__DUPLICATE_METHOD_MATCH = YES;
				COPY_PHASE_STRIP = NO;
				DEBUG_INFORMATION_FORMAT = "dwarf-with-dsym";
				ENABLE_NS_ASSERTIONS = NO;
				ENABLE_STRICT_OBJC_MSGSEND = YES;
				GCC_C_LANGUAGE_STANDARD = gnu11;
				GCC_NO_COMMON_BLOCKS = YES;
				GCC_WARN_64_TO_32_BIT_CONVERSION = YES;
				GCC_WARN_ABOUT_RETURN_TYPE = YES_ERROR;
				GCC_WARN_UNDECLARED_SELECTOR = YES;
				GCC_WARN_UNINITIALIZED_AUTOS = YES_AGGRESSIVE;
				GCC_WARN_UNUSED_FUNCTION = YES;
				GCC_WARN_UNUSED_VARIABLE = YES;
				IPHONEOS_DEPLOYMENT_TARGET = 14.4;
				MTL_ENABLE_DEBUG_INFO = NO;
				MTL_FAST_MATH = YES;
				SDKROOT = iphoneos;
				SWIFT_COMPILATION_MODE = wholemodule;
				SWIFT_OPTIMIZATION_LEVEL = "-O";
				VALIDATE_PRODUCT = YES;
			};
			name = Release;
		};
		BB4A0EDE26D6ACA9000AFE66 /* Debug */ = {
			isa = XCBuildConfiguration;
			baseConfigurationReference = CC514229325D8164A8E4B3BC /* Pods-S.A.M.debug.xcconfig */;
			buildSettings = {
				ASSETCATALOG_COMPILER_APPICON_NAME = AppIcon;
				ASSETCATALOG_COMPILER_GLOBAL_ACCENT_COLOR_NAME = AccentColor;
				CODE_SIGN_STYLE = Automatic;
				DEVELOPMENT_TEAM = AC45FSW6UK;
				INFOPLIST_FILE = "$(SRCROOT)/Info.plist";
				LD_RUNPATH_SEARCH_PATHS = (
					"$(inherited)",
					"@executable_path/Frameworks",
				);
				PRODUCT_BUNDLE_IDENTIFIER = "ZEDev.S-A-M";
				PRODUCT_NAME = "$(TARGET_NAME)";
				SWIFT_VERSION = 5.0;
				TARGETED_DEVICE_FAMILY = "1,2";
			};
			name = Debug;
		};
		BB4A0EDF26D6ACA9000AFE66 /* Release */ = {
			isa = XCBuildConfiguration;
			baseConfigurationReference = 19EAEE774871FFB6CFF2A2B5 /* Pods-S.A.M.release.xcconfig */;
			buildSettings = {
				ASSETCATALOG_COMPILER_APPICON_NAME = AppIcon;
				ASSETCATALOG_COMPILER_GLOBAL_ACCENT_COLOR_NAME = AccentColor;
				CODE_SIGN_STYLE = Automatic;
				DEVELOPMENT_TEAM = AC45FSW6UK;
				INFOPLIST_FILE = "$(SRCROOT)/Info.plist";
				LD_RUNPATH_SEARCH_PATHS = (
					"$(inherited)",
					"@executable_path/Frameworks",
				);
				PRODUCT_BUNDLE_IDENTIFIER = "ZEDev.S-A-M";
				PRODUCT_NAME = "$(TARGET_NAME)";
				SWIFT_VERSION = 5.0;
				TARGETED_DEVICE_FAMILY = "1,2";
			};
			name = Release;
		};
		BB4A0EE126D6ACA9000AFE66 /* Debug */ = {
			isa = XCBuildConfiguration;
			baseConfigurationReference = 809BD3ED664CF8113E501F13 /* Pods-S.A.MTests.debug.xcconfig */;
			buildSettings = {
				ALWAYS_EMBED_SWIFT_STANDARD_LIBRARIES = YES;
				BUNDLE_LOADER = "$(TEST_HOST)";
				CODE_SIGN_STYLE = Automatic;
				DEVELOPMENT_TEAM = AC45FSW6UK;
				INFOPLIST_FILE = S.A.MTests/Info.plist;
				IPHONEOS_DEPLOYMENT_TARGET = 14.4;
				LD_RUNPATH_SEARCH_PATHS = (
					"$(inherited)",
					"@executable_path/Frameworks",
					"@loader_path/Frameworks",
				);
				PRODUCT_BUNDLE_IDENTIFIER = "ZEDev.S-A-MTests";
				PRODUCT_NAME = "$(TARGET_NAME)";
				SWIFT_VERSION = 5.0;
				TARGETED_DEVICE_FAMILY = "1,2";
				TEST_HOST = "$(BUILT_PRODUCTS_DIR)/S.A.M.app/S.A.M";
			};
			name = Debug;
		};
		BB4A0EE226D6ACA9000AFE66 /* Release */ = {
			isa = XCBuildConfiguration;
			baseConfigurationReference = F39EF102E3CA9A78AFD01504 /* Pods-S.A.MTests.release.xcconfig */;
			buildSettings = {
				ALWAYS_EMBED_SWIFT_STANDARD_LIBRARIES = YES;
				BUNDLE_LOADER = "$(TEST_HOST)";
				CODE_SIGN_STYLE = Automatic;
				DEVELOPMENT_TEAM = AC45FSW6UK;
				INFOPLIST_FILE = S.A.MTests/Info.plist;
				IPHONEOS_DEPLOYMENT_TARGET = 14.4;
				LD_RUNPATH_SEARCH_PATHS = (
					"$(inherited)",
					"@executable_path/Frameworks",
					"@loader_path/Frameworks",
				);
				PRODUCT_BUNDLE_IDENTIFIER = "ZEDev.S-A-MTests";
				PRODUCT_NAME = "$(TARGET_NAME)";
				SWIFT_VERSION = 5.0;
				TARGETED_DEVICE_FAMILY = "1,2";
				TEST_HOST = "$(BUILT_PRODUCTS_DIR)/S.A.M.app/S.A.M";
			};
			name = Release;
		};
		BB4A0EE426D6ACA9000AFE66 /* Debug */ = {
			isa = XCBuildConfiguration;
			baseConfigurationReference = 7474273D4402D0F73D92187A /* Pods-S.A.M-S.A.MUITests.debug.xcconfig */;
			buildSettings = {
				ALWAYS_EMBED_SWIFT_STANDARD_LIBRARIES = YES;
				CODE_SIGN_STYLE = Automatic;
				DEVELOPMENT_TEAM = AC45FSW6UK;
				INFOPLIST_FILE = S.A.MUITests/Info.plist;
				LD_RUNPATH_SEARCH_PATHS = (
					"$(inherited)",
					"@executable_path/Frameworks",
					"@loader_path/Frameworks",
				);
				PRODUCT_BUNDLE_IDENTIFIER = "ZEDev.S-A-MUITests";
				PRODUCT_NAME = "$(TARGET_NAME)";
				SWIFT_VERSION = 5.0;
				TARGETED_DEVICE_FAMILY = "1,2";
				TEST_TARGET_NAME = S.A.M;
			};
			name = Debug;
		};
		BB4A0EE526D6ACA9000AFE66 /* Release */ = {
			isa = XCBuildConfiguration;
			baseConfigurationReference = 8CFB97AFF6850909924C480D /* Pods-S.A.M-S.A.MUITests.release.xcconfig */;
			buildSettings = {
				ALWAYS_EMBED_SWIFT_STANDARD_LIBRARIES = YES;
				CODE_SIGN_STYLE = Automatic;
				DEVELOPMENT_TEAM = AC45FSW6UK;
				INFOPLIST_FILE = S.A.MUITests/Info.plist;
				LD_RUNPATH_SEARCH_PATHS = (
					"$(inherited)",
					"@executable_path/Frameworks",
					"@loader_path/Frameworks",
				);
				PRODUCT_BUNDLE_IDENTIFIER = "ZEDev.S-A-MUITests";
				PRODUCT_NAME = "$(TARGET_NAME)";
				SWIFT_VERSION = 5.0;
				TARGETED_DEVICE_FAMILY = "1,2";
				TEST_TARGET_NAME = S.A.M;
			};
			name = Release;
		};
/* End XCBuildConfiguration section */

/* Begin XCConfigurationList section */
		BB4A0EAE26D6ACA7000AFE66 /* Build configuration list for PBXProject "S.A.M" */ = {
			isa = XCConfigurationList;
			buildConfigurations = (
				BB4A0EDB26D6ACA9000AFE66 /* Debug */,
				BB4A0EDC26D6ACA9000AFE66 /* Release */,
			);
			defaultConfigurationIsVisible = 0;
			defaultConfigurationName = Release;
		};
		BB4A0EDD26D6ACA9000AFE66 /* Build configuration list for PBXNativeTarget "S.A.M" */ = {
			isa = XCConfigurationList;
			buildConfigurations = (
				BB4A0EDE26D6ACA9000AFE66 /* Debug */,
				BB4A0EDF26D6ACA9000AFE66 /* Release */,
			);
			defaultConfigurationIsVisible = 0;
			defaultConfigurationName = Release;
		};
		BB4A0EE026D6ACA9000AFE66 /* Build configuration list for PBXNativeTarget "S.A.MTests" */ = {
			isa = XCConfigurationList;
			buildConfigurations = (
				BB4A0EE126D6ACA9000AFE66 /* Debug */,
				BB4A0EE226D6ACA9000AFE66 /* Release */,
			);
			defaultConfigurationIsVisible = 0;
			defaultConfigurationName = Release;
		};
		BB4A0EE326D6ACA9000AFE66 /* Build configuration list for PBXNativeTarget "S.A.MUITests" */ = {
			isa = XCConfigurationList;
			buildConfigurations = (
				BB4A0EE426D6ACA9000AFE66 /* Debug */,
				BB4A0EE526D6ACA9000AFE66 /* Release */,
			);
			defaultConfigurationIsVisible = 0;
			defaultConfigurationName = Release;
		};
/* End XCConfigurationList section */
	};
	rootObject = BB4A0EAB26D6ACA7000AFE66 /* Project object */;
}
